
Microsoft Visual Studio Solution File, Format Version 12.00
# Visual Studio Version 16
VisualStudioVersion = 16.0.30611.23
MinimumVisualStudioVersion = 10.0.40219.1
Project("{FAE04EC0-301F-11D3-BF4B-00C04F79EFBC}") = "LINQlabsheet4 EX1", "LINQlabsheet4 EX1\LINQlabsheet4 EX1.csproj", "{E44D4400-611E-4BF5-872C-D6CC2726EE98}"
EndProject
Global
	GlobalSection(SolutionConfigurationPlatforms) = preSolution
		Debug|Any CPU = Debug|Any CPU
		Release|Any CPU = Release|Any CPU
	EndGlobalSection
	GlobalSection(ProjectConfigurationPlatforms) = postSolution
		{E44D4400-611E-4BF5-872C-D6CC2726EE98}.Debug|Any CPU.ActiveCfg = Debug|Any CPU
		{E44D4400-611E-4BF5-872C-D6CC2726EE98}.Debug|Any CPU.Build.0 = Debug|Any CPU
		{E44D4400-611E-4BF5-872C-D6CC2726EE98}.Release|Any CPU.ActiveCfg = Release|Any CPU
		{E44D4400-611E-4BF5-872C-D6CC2726EE98}.Release|Any CPU.Build.0 = Release|Any CPU
	EndGlobalSection
	GlobalSection(SolutionProperties) = preSolution
		HideSolutionNode = FALSE
	EndGlobalSection
	GlobalSection(ExtensibilityGlobals) = postSolution
		SolutionGuid = {A61B3DA2-FD6F-4B93-97E4-45AA668DADF0}
	EndGlobalSection
EndGlobal
